
Microsoft Visual Studio Solution File, Format Version 12.00
# Visual Studio Version 16
VisualStudioVersion = 16.0.31729.503
MinimumVisualStudioVersion = 10.0.40219.1
Project("{FAE04EC0-301F-11D3-BF4B-00C04F79EFBC}") = "PraktikumWeek4", "PraktikumWeek4.csproj", "{1D25AE54-D035-4FD9-83F9-F937195EFC2A}"
EndProject
Global
	GlobalSection(SolutionConfigurationPlatforms) = preSolution
		Debug|Any CPU = Debug|Any CPU
		Release|Any CPU = Release|Any CPU
	EndGlobalSection
	GlobalSection(ProjectConfigurationPlatforms) = postSolution
		{1D25AE54-D035-4FD9-83F9-F937195EFC2A}.Debug|Any CPU.ActiveCfg = Debug|Any CPU
		{1D25AE54-D035-4FD9-83F9-F937195EFC2A}.Debug|Any CPU.Build.0 = Debug|Any CPU
		{1D25AE54-D035-4FD9-83F9-F937195EFC2A}.Release|Any CPU.ActiveCfg = Release|Any CPU
		{1D25AE54-D035-4FD9-83F9-F937195EFC2A}.Release|Any CPU.Build.0 = Release|Any CPU
	EndGlobalSection
	GlobalSection(SolutionProperties) = preSolution
		HideSolutionNode = FALSE
	EndGlobalSection
	GlobalSection(ExtensibilityGlobals) = postSolution
		SolutionGuid = {AA5D4B20-038E-458E-957F-05B52BBB5A04}
	EndGlobalSection
EndGlobal
